{
  "requires": true,
  "lockfileVersion": 1,
  "dependencies": {
    "vue-fullscreen": {
      "version": "2.1.6",
      "resolved": "https://registry.npmjs.org/vue-fullscreen/-/vue-fullscreen-2.1.6.tgz",
      "integrity": "sha512-p2lJYm/RgTHOqARlnljZlOGW/+sQFuSkV20Tje0lfzYoZnqSVR+vC0ytOX5aE0iebMUze63RBNPwpxuxjv6ucA=="
    }
  }
}
